{
  "name": "mr365-utils",
  "version": "0.2.1",
  "lockfileVersion": 1,
  "requires": true,
  "dependencies": {
    "freemail": {
      "version": "1.5.0",
      "resolved": "https://registry.npmjs.org/freemail/-/freemail-1.5.0.tgz",
      "integrity": "sha1-k7sPZ8SYcUO0eLQH6Y4ybq2O1OA=",
      "requires": {
        "tldjs": "1.8.0"
      }
    },
    "punycode": {
      "version": "1.4.1",
      "resolved": "https://registry.npmjs.org/punycode/-/punycode-1.4.1.tgz",
      "integrity": "sha1-wNWmOycYgArY4esPpSachN1BhF4="
    },
    "tldjs": {
      "version": "1.8.0",
      "resolved": "https://registry.npmjs.org/tldjs/-/tldjs-1.8.0.tgz",
      "integrity": "sha1-ucFr1t41e1X/y+fVvkH2s8p24/o=",
      "requires": {
        "punycode": "1.4.1"
      }
    }
  }
}
